
Microsoft Visual Studio Solution File, Format Version 12.00
# Visual Studio Version 16
VisualStudioVersion = 16.0.31424.327
MinimumVisualStudioVersion = 10.0.40219.1
Project("{FAE04EC0-301F-11D3-BF4B-00C04F79EFBC}") = "GDataTool", "GDataTool\GDataTool.csproj", "{4CE505F3-A5C2-41BE-855E-0B210A7E05A1}"
EndProject
Global
	GlobalSection(SolutionConfigurationPlatforms) = preSolution
		Debug|Any CPU = Debug|Any CPU
		Release|Any CPU = Release|Any CPU
	EndGlobalSection
	GlobalSection(ProjectConfigurationPlatforms) = postSolution
		{4CE505F3-A5C2-41BE-855E-0B210A7E05A1}.Debug|Any CPU.ActiveCfg = Debug|Any CPU
		{4CE505F3-A5C2-41BE-855E-0B210A7E05A1}.Debug|Any CPU.Build.0 = Debug|Any CPU
		{4CE505F3-A5C2-41BE-855E-0B210A7E05A1}.Release|Any CPU.ActiveCfg = Release|Any CPU
		{4CE505F3-A5C2-41BE-855E-0B210A7E05A1}.Release|Any CPU.Build.0 = Release|Any CPU
	EndGlobalSection
	GlobalSection(SolutionProperties) = preSolution
		HideSolutionNode = FALSE
	EndGlobalSection
	GlobalSection(ExtensibilityGlobals) = postSolution
		SolutionGuid = {DB94EC65-5BDD-43C0-911D-1598B0F45E26}
	EndGlobalSection
EndGlobal
